
Microsoft Visual Studio Solution File, Format Version 12.00
# Visual Studio Version 16
VisualStudioVersion = 16.0.31019.35
MinimumVisualStudioVersion = 10.0.40219.1
Project("{9A19103F-16F7-4668-BE54-9A1E7A4F7556}") = "ExtinctionTalesMod", "ExtinctionTalesMod.csproj", "{B31DB3E8-FF7F-4D0F-969F-75BBDB4567F7}"
EndProject
Global
	GlobalSection(SolutionConfigurationPlatforms) = preSolution
		Debug|Any CPU = Debug|Any CPU
		Release|Any CPU = Release|Any CPU
	EndGlobalSection
	GlobalSection(ProjectConfigurationPlatforms) = postSolution
		{B31DB3E8-FF7F-4D0F-969F-75BBDB4567F7}.Debug|Any CPU.ActiveCfg = Debug|Any CPU
		{B31DB3E8-FF7F-4D0F-969F-75BBDB4567F7}.Debug|Any CPU.Build.0 = Debug|Any CPU
		{B31DB3E8-FF7F-4D0F-969F-75BBDB4567F7}.Release|Any CPU.ActiveCfg = Release|Any CPU
		{B31DB3E8-FF7F-4D0F-969F-75BBDB4567F7}.Release|Any CPU.Build.0 = Release|Any CPU
	EndGlobalSection
	GlobalSection(SolutionProperties) = preSolution
		HideSolutionNode = FALSE
	EndGlobalSection
	GlobalSection(ExtensibilityGlobals) = postSolution
		SolutionGuid = {30A33D67-6916-4812-8347-BBE8C8FAE81C}
	EndGlobalSection
EndGlobal
